
Microsoft Visual Studio Solution File, Format Version 12.00
# Visual Studio Version 16
VisualStudioVersion = 16.0.31112.23
MinimumVisualStudioVersion = 10.0.40219.1
Project("{FAE04EC0-301F-11D3-BF4B-00C04F79EFBC}") = "BlazorTicTacToe", "BlazorTicTacToe\BlazorTicTacToe.csproj", "{E5967DA7-F8BF-48A6-BE2B-59EB5C29F844}"
EndProject
Global
	GlobalSection(SolutionConfigurationPlatforms) = preSolution
		Debug|Any CPU = Debug|Any CPU
		Release|Any CPU = Release|Any CPU
	EndGlobalSection
	GlobalSection(ProjectConfigurationPlatforms) = postSolution
		{E5967DA7-F8BF-48A6-BE2B-59EB5C29F844}.Debug|Any CPU.ActiveCfg = Debug|Any CPU
		{E5967DA7-F8BF-48A6-BE2B-59EB5C29F844}.Debug|Any CPU.Build.0 = Debug|Any CPU
		{E5967DA7-F8BF-48A6-BE2B-59EB5C29F844}.Release|Any CPU.ActiveCfg = Release|Any CPU
		{E5967DA7-F8BF-48A6-BE2B-59EB5C29F844}.Release|Any CPU.Build.0 = Release|Any CPU
	EndGlobalSection
	GlobalSection(SolutionProperties) = preSolution
		HideSolutionNode = FALSE
	EndGlobalSection
	GlobalSection(ExtensibilityGlobals) = postSolution
		SolutionGuid = {118DEE32-6E48-4A23-8D64-5D09FD16E389}
	EndGlobalSection
EndGlobal
